
Microsoft Visual Studio Solution File, Format Version 12.00
# Visual Studio Version 17
VisualStudioVersion = 17.0.32112.339
MinimumVisualStudioVersion = 10.0.40219.1
Project("{9A19103F-16F7-4668-BE54-9A1E7A4F7556}") = "Nityo.DigitalAccount.API", "Nityo.ContaDigital\Nityo.DigitalAccount.API.csproj", "{4A4AEB12-45C6-430C-8E09-A662DE13EB63}"
EndProject
Project("{9A19103F-16F7-4668-BE54-9A1E7A4F7556}") = "Nityo.DigitalAccount.Domain", "Nityo.DigitalAccount.Domain\Nityo.DigitalAccount.Domain.csproj", "{910359E7-0C71-406F-8F91-EED49198EDE7}"
EndProject
Project("{2150E333-8FDC-42A3-9474-1A3956D46DE8}") = "Core", "Core", "{CEF8D97D-B073-4515-ABA2-84E9A6EAF7C8}"
EndProject
Project("{2150E333-8FDC-42A3-9474-1A3956D46DE8}") = "API", "API", "{B96E26A8-7D8A-4BE9-8480-E409BB7B244D}"
EndProject
Project("{9A19103F-16F7-4668-BE54-9A1E7A4F7556}") = "Nityo.DigitalAccount.Infrastructure", "Nityo.DigitalAccount.Infrastructure\Nityo.DigitalAccount.Infrastructure.csproj", "{40A12476-17B5-4188-A234-C8D9A64CDB32}"
EndProject
Global
	GlobalSection(SolutionConfigurationPlatforms) = preSolution
		Debug|Any CPU = Debug|Any CPU
		Release|Any CPU = Release|Any CPU
	EndGlobalSection
	GlobalSection(ProjectConfigurationPlatforms) = postSolution
		{4A4AEB12-45C6-430C-8E09-A662DE13EB63}.Debug|Any CPU.ActiveCfg = Debug|Any CPU
		{4A4AEB12-45C6-430C-8E09-A662DE13EB63}.Debug|Any CPU.Build.0 = Debug|Any CPU
		{4A4AEB12-45C6-430C-8E09-A662DE13EB63}.Release|Any CPU.ActiveCfg = Release|Any CPU
		{4A4AEB12-45C6-430C-8E09-A662DE13EB63}.Release|Any CPU.Build.0 = Release|Any CPU
		{910359E7-0C71-406F-8F91-EED49198EDE7}.Debug|Any CPU.ActiveCfg = Debug|Any CPU
		{910359E7-0C71-406F-8F91-EED49198EDE7}.Debug|Any CPU.Build.0 = Debug|Any CPU
		{910359E7-0C71-406F-8F91-EED49198EDE7}.Release|Any CPU.ActiveCfg = Release|Any CPU
		{910359E7-0C71-406F-8F91-EED49198EDE7}.Release|Any CPU.Build.0 = Release|Any CPU
		{40A12476-17B5-4188-A234-C8D9A64CDB32}.Debug|Any CPU.ActiveCfg = Debug|Any CPU
		{40A12476-17B5-4188-A234-C8D9A64CDB32}.Debug|Any CPU.Build.0 = Debug|Any CPU
		{40A12476-17B5-4188-A234-C8D9A64CDB32}.Release|Any CPU.ActiveCfg = Release|Any CPU
		{40A12476-17B5-4188-A234-C8D9A64CDB32}.Release|Any CPU.Build.0 = Release|Any CPU
	EndGlobalSection
	GlobalSection(SolutionProperties) = preSolution
		HideSolutionNode = FALSE
	EndGlobalSection
	GlobalSection(NestedProjects) = preSolution
		{4A4AEB12-45C6-430C-8E09-A662DE13EB63} = {B96E26A8-7D8A-4BE9-8480-E409BB7B244D}
		{910359E7-0C71-406F-8F91-EED49198EDE7} = {CEF8D97D-B073-4515-ABA2-84E9A6EAF7C8}
		{40A12476-17B5-4188-A234-C8D9A64CDB32} = {CEF8D97D-B073-4515-ABA2-84E9A6EAF7C8}
	EndGlobalSection
	GlobalSection(ExtensibilityGlobals) = postSolution
		SolutionGuid = {0EC556F3-7E22-4EC1-923D-E124BCF208C3}
	EndGlobalSection
EndGlobal
